
Microsoft Visual Studio Solution File, Format Version 12.00
# Visual Studio 14
VisualStudioVersion = 14.0.25420.1
MinimumVisualStudioVersion = 10.0.40219.1
Project("{8BB2217D-0F2D-49D1-97BC-3654ED321F3B}") = "Animations", "Animations\Animations\Animations.xproj", "{1B8C2ACB-5CE3-43CF-8C6C-74417DF45E6A}"
EndProject
Project("{2150E333-8FDC-42A3-9474-1A3956D46DE8}") = "Animations", "Animations", "{8CB706A6-42FE-437D-B923-3BDC59AA8E1F}"
EndProject
Project("{2150E333-8FDC-42A3-9474-1A3956D46DE8}") = "Transitions", "Transitions", "{2AB00BF4-FC16-4778-9722-D398F2DA6BD1}"
EndProject
Project("{8BB2217D-0F2D-49D1-97BC-3654ED321F3B}") = "Animations.Droid", "Animations\Animations.Droid\Animations.Droid.csproj", "{ED88C48F-DBD5-4916-AE34-A5E85ADFAAD9}"
EndProject
Project("{8BB2217D-0F2D-49D1-97BC-3654ED321F3B}") = "Animations.iOS", "Animations\Animations.iOS\Animations.iOS.csproj", "{90933EE7-6352-46E5-830E-DFE1B0AD8845}"
EndProject
Project("{8BB2217D-0F2D-49D1-97BC-3654ED321F3B}") = "Transitions", "Transitions\Transitions\Transitions.xproj", "{FDD62A40-4006-41C9-8A7D-4BB3B4655230}"
EndProject
Project("{8BB2217D-0F2D-49D1-97BC-3654ED321F3B}") = "Transitions.Droid", "Transitions\Transitions.Droid\Transitions.Droid.csproj", "{0CD0B24E-D48B-4582-881C-B5366826E0A2}"
EndProject
Project("{8BB2217D-0F2D-49D1-97BC-3654ED321F3B}") = "Transitions.iOS", "Transitions\Transitions.iOS\Transitions.iOS.csproj", "{CC4BF64A-ECFD-4BFA-B3CD-1E4B6AB6F7A8}"
EndProject
Global
	GlobalSection(SolutionConfigurationPlatforms) = preSolution
		Debug|Any CPU = Debug|Any CPU
		Release|Any CPU = Release|Any CPU
	EndGlobalSection
	GlobalSection(ProjectConfigurationPlatforms) = postSolution
		{1B8C2ACB-5CE3-43CF-8C6C-74417DF45E6A}.Debug|Any CPU.ActiveCfg = Debug|Any CPU
		{1B8C2ACB-5CE3-43CF-8C6C-74417DF45E6A}.Debug|Any CPU.Build.0 = Debug|Any CPU
		{1B8C2ACB-5CE3-43CF-8C6C-74417DF45E6A}.Release|Any CPU.ActiveCfg = Release|Any CPU
		{1B8C2ACB-5CE3-43CF-8C6C-74417DF45E6A}.Release|Any CPU.Build.0 = Release|Any CPU
		{ED88C48F-DBD5-4916-AE34-A5E85ADFAAD9}.Debug|Any CPU.ActiveCfg = Debug|Any CPU
		{ED88C48F-DBD5-4916-AE34-A5E85ADFAAD9}.Debug|Any CPU.Build.0 = Debug|Any CPU
		{ED88C48F-DBD5-4916-AE34-A5E85ADFAAD9}.Release|Any CPU.ActiveCfg = Release|Any CPU
		{ED88C48F-DBD5-4916-AE34-A5E85ADFAAD9}.Release|Any CPU.Build.0 = Release|Any CPU
		{90933EE7-6352-46E5-830E-DFE1B0AD8845}.Debug|Any CPU.ActiveCfg = Debug|Any CPU
		{90933EE7-6352-46E5-830E-DFE1B0AD8845}.Debug|Any CPU.Build.0 = Debug|Any CPU
		{90933EE7-6352-46E5-830E-DFE1B0AD8845}.Release|Any CPU.ActiveCfg = Release|Any CPU
		{90933EE7-6352-46E5-830E-DFE1B0AD8845}.Release|Any CPU.Build.0 = Release|Any CPU
		{FDD62A40-4006-41C9-8A7D-4BB3B4655230}.Debug|Any CPU.ActiveCfg = Debug|Any CPU
		{FDD62A40-4006-41C9-8A7D-4BB3B4655230}.Debug|Any CPU.Build.0 = Debug|Any CPU
		{FDD62A40-4006-41C9-8A7D-4BB3B4655230}.Release|Any CPU.ActiveCfg = Release|Any CPU
		{FDD62A40-4006-41C9-8A7D-4BB3B4655230}.Release|Any CPU.Build.0 = Release|Any CPU
		{0CD0B24E-D48B-4582-881C-B5366826E0A2}.Debug|Any CPU.ActiveCfg = Debug|Any CPU
		{0CD0B24E-D48B-4582-881C-B5366826E0A2}.Debug|Any CPU.Build.0 = Debug|Any CPU
		{0CD0B24E-D48B-4582-881C-B5366826E0A2}.Release|Any CPU.ActiveCfg = Release|Any CPU
		{0CD0B24E-D48B-4582-881C-B5366826E0A2}.Release|Any CPU.Build.0 = Release|Any CPU
		{CC4BF64A-ECFD-4BFA-B3CD-1E4B6AB6F7A8}.Debug|Any CPU.ActiveCfg = Debug|Any CPU
		{CC4BF64A-ECFD-4BFA-B3CD-1E4B6AB6F7A8}.Debug|Any CPU.Build.0 = Debug|Any CPU
		{CC4BF64A-ECFD-4BFA-B3CD-1E4B6AB6F7A8}.Release|Any CPU.ActiveCfg = Release|Any CPU
		{CC4BF64A-ECFD-4BFA-B3CD-1E4B6AB6F7A8}.Release|Any CPU.Build.0 = Release|Any CPU
	EndGlobalSection
	GlobalSection(SolutionProperties) = preSolution
		HideSolutionNode = FALSE
	EndGlobalSection
	GlobalSection(NestedProjects) = preSolution
		{1B8C2ACB-5CE3-43CF-8C6C-74417DF45E6A} = {8CB706A6-42FE-437D-B923-3BDC59AA8E1F}
		{ED88C48F-DBD5-4916-AE34-A5E85ADFAAD9} = {8CB706A6-42FE-437D-B923-3BDC59AA8E1F}
		{90933EE7-6352-46E5-830E-DFE1B0AD8845} = {8CB706A6-42FE-437D-B923-3BDC59AA8E1F}
		{FDD62A40-4006-41C9-8A7D-4BB3B4655230} = {2AB00BF4-FC16-4778-9722-D398F2DA6BD1}
		{0CD0B24E-D48B-4582-881C-B5366826E0A2} = {2AB00BF4-FC16-4778-9722-D398F2DA6BD1}
		{CC4BF64A-ECFD-4BFA-B3CD-1E4B6AB6F7A8} = {2AB00BF4-FC16-4778-9722-D398F2DA6BD1}
	EndGlobalSection
EndGlobal
