
Microsoft Visual Studio Solution File, Format Version 12.00
# Visual Studio 14
VisualStudioVersion = 14.0.25420.1
MinimumVisualStudioVersion = 10.0.40219.1
Project("{8BB2217D-0F2D-49D1-97BC-3654ED321F3B}") = "Transitions", "Transitions\Transitions.csproj", "{FDD62A40-4006-41C9-8A7D-4BB3B4655230}"
EndProject
Project("{8BB2217D-0F2D-49D1-97BC-3654ED321F3B}") = "Transitions.Droid", "Transitions.Droid\Transitions.Droid.csproj", "{0CD0B24E-D48B-4582-881C-B5366826E0A2}"
EndProject
Project("{8BB2217D-0F2D-49D1-97BC-3654ED321F3B}") = "Transitions.iOS", "Transitions.iOS\Transitions.iOS.csproj", "{CC4BF64A-ECFD-4BFA-B3CD-1E4B6AB6F7A8}"
EndProject
Global
	GlobalSection(SolutionConfigurationPlatforms) = preSolution
		Debug|Any CPU = Debug|Any CPU
		Release|Any CPU = Release|Any CPU
	EndGlobalSection
	GlobalSection(ProjectConfigurationPlatforms) = postSolution
		{FDD62A40-4006-41C9-8A7D-4BB3B4655230}.Debug|Any CPU.ActiveCfg = Debug|Any CPU
		{FDD62A40-4006-41C9-8A7D-4BB3B4655230}.Debug|Any CPU.Build.0 = Debug|Any CPU
		{FDD62A40-4006-41C9-8A7D-4BB3B4655230}.Release|Any CPU.ActiveCfg = Release|Any CPU
		{FDD62A40-4006-41C9-8A7D-4BB3B4655230}.Release|Any CPU.Build.0 = Release|Any CPU
		{0CD0B24E-D48B-4582-881C-B5366826E0A2}.Debug|Any CPU.ActiveCfg = Debug|Any CPU
		{0CD0B24E-D48B-4582-881C-B5366826E0A2}.Debug|Any CPU.Build.0 = Debug|Any CPU
		{0CD0B24E-D48B-4582-881C-B5366826E0A2}.Release|Any CPU.ActiveCfg = Release|Any CPU
		{0CD0B24E-D48B-4582-881C-B5366826E0A2}.Release|Any CPU.Build.0 = Release|Any CPU
		{CC4BF64A-ECFD-4BFA-B3CD-1E4B6AB6F7A8}.Debug|Any CPU.ActiveCfg = Debug|Any CPU
		{CC4BF64A-ECFD-4BFA-B3CD-1E4B6AB6F7A8}.Debug|Any CPU.Build.0 = Debug|Any CPU
		{CC4BF64A-ECFD-4BFA-B3CD-1E4B6AB6F7A8}.Release|Any CPU.ActiveCfg = Release|Any CPU
		{CC4BF64A-ECFD-4BFA-B3CD-1E4B6AB6F7A8}.Release|Any CPU.Build.0 = Release|Any CPU
	EndGlobalSection
	GlobalSection(SolutionProperties) = preSolution
		HideSolutionNode = FALSE
	EndGlobalSection
EndGlobal
